
Microsoft Visual Studio Solution File, Format Version 12.00
# Visual Studio Version 17
VisualStudioVersion = 17.0.31903.59
MinimumVisualStudioVersion = 10.0.40219.1
Project("{2150E333-8FDC-42A3-9474-1A3956D46DE8}") = "src", "src", "{0FB913DC-8DFF-48DA-9F58-386470EA0298}"
EndProject
Project("{FAE04EC0-301F-11D3-BF4B-00C04F79EFBC}") = "Tarefas.Web", "src\Tarefas.Web\Tarefas.Web.csproj", "{4276B4EE-11B6-47B9-9F18-4E668AFE6AD3}"
EndProject
Global
	GlobalSection(SolutionConfigurationPlatforms) = preSolution
		Debug|Any CPU = Debug|Any CPU
		Release|Any CPU = Release|Any CPU
	EndGlobalSection
	GlobalSection(SolutionProperties) = preSolution
		HideSolutionNode = FALSE
	EndGlobalSection
	GlobalSection(ProjectConfigurationPlatforms) = postSolution
		{4276B4EE-11B6-47B9-9F18-4E668AFE6AD3}.Debug|Any CPU.ActiveCfg = Debug|Any CPU
		{4276B4EE-11B6-47B9-9F18-4E668AFE6AD3}.Debug|Any CPU.Build.0 = Debug|Any CPU
		{4276B4EE-11B6-47B9-9F18-4E668AFE6AD3}.Release|Any CPU.ActiveCfg = Release|Any CPU
		{4276B4EE-11B6-47B9-9F18-4E668AFE6AD3}.Release|Any CPU.Build.0 = Release|Any CPU
	EndGlobalSection
	GlobalSection(NestedProjects) = preSolution
		{4276B4EE-11B6-47B9-9F18-4E668AFE6AD3} = {0FB913DC-8DFF-48DA-9F58-386470EA0298}
	EndGlobalSection
EndGlobal
